// !$*UTF8*$!
{
	archiveVersion = 1;
	classes = {
	};
	objectVersion = 46;
	objects = {

/* Begin PBXBuildFile section */
		86362B8B1D2F33B6005B8CE9 /* AppDelegate.swift in Sources */ = {isa = PBXBuildFile; fileRef = 86362B8A1D2F33B6005B8CE9 /* AppDelegate.swift */; };
		86362B8D1D2F33B6005B8CE9 /* ViewController.swift in Sources */ = {isa = PBXBuildFile; fileRef = 86362B8C1D2F33B6005B8CE9 /* ViewController.swift */; };
		86362B921D2F33B6005B8CE9 /* Assets.xcassets in Resources */ = {isa = PBXBuildFile; fileRef = 86362B911D2F33B6005B8CE9 /* Assets.xcassets */; };
		86362B951D2F33B6005B8CE9 /* LaunchScreen.storyboard in Resources */ = {isa = PBXBuildFile; fileRef = 86362B931D2F33B6005B8CE9 /* LaunchScreen.storyboard */; };
		8649EB551D38720100749BDE /* CustomTabBarController.swift in Sources */ = {isa = PBXBuildFile; fileRef = 8649EB541D38720100749BDE /* CustomTabBarController.swift */; };
		868F82201D372D9D00B20335 /* Extensions.swift in Sources */ = {isa = PBXBuildFile; fileRef = 868F821F1D372D9D00B20335 /* Extensions.swift */; };
		868F82221D372E3D00B20335 /* FeedCell.swift in Sources */ = {isa = PBXBuildFile; fileRef = 868F82211D372E3D00B20335 /* FeedCell.swift */; };
		868F82241D372ED600B20335 /* posts.swift in Sources */ = {isa = PBXBuildFile; fileRef = 868F82231D372ED600B20335 /* posts.swift */; };
		86C023BB1D38787700BA4A86 /* OtherControllers.swift in Sources */ = {isa = PBXBuildFile; fileRef = 86C023BA1D38787700BA4A86 /* OtherControllers.swift */; };
/* End PBXBuildFile section */

/* Begin PBXFileReference section */
		86362B871D2F33B6005B8CE9 /* FacebookFeed.app */ = {isa = PBXFileReference; explicitFileType = wrapper.application; includeInIndex = 0; path = FacebookFeed.app; sourceTree = BUILT_PRODUCTS_DIR; };
		86362B8A1D2F33B6005B8CE9 /* AppDelegate.swift */ = {isa = PBXFileReference; lastKnownFileType = sourcecode.swift; path = AppDelegate.swift; sourceTree = "<group>"; };
		86362B8C1D2F33B6005B8CE9 /* ViewController.swift */ = {isa = PBXFileReference; lastKnownFileType = sourcecode.swift; path = ViewController.swift; sourceTree = "<group>"; };
		86362B911D2F33B6005B8CE9 /* Assets.xcassets */ = {isa = PBXFileReference; lastKnownFileType = folder.assetcatalog; path = Assets.xcassets; sourceTree = "<group>"; };
		86362B941D2F33B6005B8CE9 /* Base */ = {isa = PBXFileReference; lastKnownFileType = file.storyboard; name = Base; path = Base.lproj/LaunchScreen.storyboard; sourceTree = "<group>"; };
		86362B961D2F33B6005B8CE9 /* Info.plist */ = {isa = PBXFileReference; lastKnownFileType = text.plist.xml; path = Info.plist; sourceTree = "<group>"; };
		8649EB541D38720100749BDE /* CustomTabBarController.swift */ = {isa = PBXFileReference; fileEncoding = 4; lastKnownFileType = sourcecode.swift; path = CustomTabBarController.swift; sourceTree = "<group>"; };
		868F821F1D372D9D00B20335 /* Extensions.swift */ = {isa = PBXFileReference; fileEncoding = 4; lastKnownFileType = sourcecode.swift; path = Extensions.swift; sourceTree = "<group>"; };
		868F82211D372E3D00B20335 /* FeedCell.swift */ = {isa = PBXFileReference; fileEncoding = 4; lastKnownFileType = sourcecode.swift; path = FeedCell.swift; sourceTree = "<group>"; };
		868F82231D372ED600B20335 /* posts.swift */ = {isa = PBXFileReference; fileEncoding = 4; lastKnownFileType = sourcecode.swift; path = posts.swift; sourceTree = "<group>"; };
		86C023BA1D38787700BA4A86 /* OtherControllers.swift */ = {isa = PBXFileReference; fileEncoding = 4; lastKnownFileType = sourcecode.swift; path = OtherControllers.swift; sourceTree = "<group>"; };
/* End PBXFileReference section */

/* Begin PBXFrameworksBuildPhase section */
		86362B841D2F33B5005B8CE9 /* Frameworks */ = {
			isa = PBXFrameworksBuildPhase;
			buildActionMask = 2147483647;
			files = (
			);
			runOnlyForDeploymentPostprocessing = 0;
		};
/* End PBXFrameworksBuildPhase section */

/* Begin PBXGroup section */
		86362B7E1D2F33B5005B8CE9 = {
			isa = PBXGroup;
			children = (
				86362B891D2F33B6005B8CE9 /* FacebookFeed */,
				86362B881D2F33B6005B8CE9 /* Products */,
			);
			sourceTree = "<group>";
		};
		86362B881D2F33B6005B8CE9 /* Products */ = {
			isa = PBXGroup;
			children = (
				86362B871D2F33B6005B8CE9 /* FacebookFeed.app */,
			);
			name = Products;
			sourceTree = "<group>";
		};
		86362B891D2F33B6005B8CE9 /* FacebookFeed */ = {
			isa = PBXGroup;
			children = (
				86362B8A1D2F33B6005B8CE9 /* AppDelegate.swift */,
				8649EB541D38720100749BDE /* CustomTabBarController.swift */,
				86C023BA1D38787700BA4A86 /* OtherControllers.swift */,
				86362B8C1D2F33B6005B8CE9 /* ViewController.swift */,
				868F82231D372ED600B20335 /* posts.swift */,
				868F821F1D372D9D00B20335 /* Extensions.swift */,
				868F82211D372E3D00B20335 /* FeedCell.swift */,
				86362B911D2F33B6005B8CE9 /* Assets.xcassets */,
				86362B931D2F33B6005B8CE9 /* LaunchScreen.storyboard */,
				86362B961D2F33B6005B8CE9 /* Info.plist */,
			);
			path = FacebookFeed;
			sourceTree = "<group>";
		};
/* End PBXGroup section */

/* Begin PBXNativeTarget section */
		86362B861D2F33B5005B8CE9 /* FacebookFeed */ = {
			isa = PBXNativeTarget;
			buildConfigurationList = 86362B991D2F33B6005B8CE9 /* Build configuration list for PBXNativeTarget "FacebookFeed" */;
			buildPhases = (
				86362B831D2F33B5005B8CE9 /* Sources */,
				86362B841D2F33B5005B8CE9 /* Frameworks */,
				86362B851D2F33B5005B8CE9 /* Resources */,
			);
			buildRules = (
			);
			dependencies = (
			);
			name = FacebookFeed;
			productName = FacebookFeed;
			productReference = 86362B871D2F33B6005B8CE9 /* FacebookFeed.app */;
			productType = "com.apple.product-type.application";
		};
/* End PBXNativeTarget section */

/* Begin PBXProject section */
		86362B7F1D2F33B5005B8CE9 /* Project object */ = {
			isa = PBXProject;
			attributes = {
				LastSwiftUpdateCheck = 0730;
				LastUpgradeCheck = 0820;
				ORGANIZATIONNAME = "Chiang Chuan";
				TargetAttributes = {
					86362B861D2F33B5005B8CE9 = {
						CreatedOnToolsVersion = 7.3.1;
						LastSwiftMigration = 0820;
					};
				};
			};
			buildConfigurationList = 86362B821D2F33B5005B8CE9 /* Build configuration list for PBXProject "FacebookFeed" */;
			compatibilityVersion = "Xcode 3.2";
			developmentRegion = English;
			hasScannedForEncodings = 0;
			knownRegions = (
				en,
				Base,
			);
			mainGroup = 86362B7E1D2F33B5005B8CE9;
			productRefGroup = 86362B881D2F33B6005B8CE9 /* Products */;
			projectDirPath = "";
			projectRoot = "";
			targets = (
				86362B861D2F33B5005B8CE9 /* FacebookFeed */,
			);
		};
/* End PBXProject section */

/* Begin PBXResourcesBuildPhase section */
		86362B851D2F33B5005B8CE9 /* Resources */ = {
			isa = PBXResourcesBuildPhase;
			buildActionMask = 2147483647;
			files = (
				86362B951D2F33B6005B8CE9 /* LaunchScreen.storyboard in Resources */,
				86362B921D2F33B6005B8CE9 /* Assets.xcassets in Resources */,
			);
			runOnlyForDeploymentPostprocessing = 0;
		};
/* End PBXResourcesBuildPhase section */

/* Begin PBXSourcesBuildPhase section */
		86362B831D2F33B5005B8CE9 /* Sources */ = {
			isa = PBXSourcesBuildPhase;
			buildActionMask = 2147483647;
			files = (
				86362B8D1D2F33B6005B8CE9 /* ViewController.swift in Sources */,
				868F82221D372E3D00B20335 /* FeedCell.swift in Sources */,
				8649EB551D38720100749BDE /* CustomTabBarController.swift in Sources */,
				868F82241D372ED600B20335 /* posts.swift in Sources */,
				86C023BB1D38787700BA4A86 /* OtherControllers.swift in Sources */,
				868F82201D372D9D00B20335 /* Extensions.swift in Sources */,
				86362B8B1D2F33B6005B8CE9 /* AppDelegate.swift in Sources */,
			);
			runOnlyForDeploymentPostprocessing = 0;
		};
/* End PBXSourcesBuildPhase section */

/* Begin PBXVariantGroup section */
		86362B931D2F33B6005B8CE9 /* LaunchScreen.storyboard */ = {
			isa = PBXVariantGroup;
			children = (
				86362B941D2F33B6005B8CE9 /* Base */,
			);
			name = LaunchScreen.storyboard;
			sourceTree = "<group>";
		};
/* End PBXVariantGroup section */

/* Begin XCBuildConfiguration section */
		86362B971D2F33B6005B8CE9 /* Debug */ = {
			isa = XCBuildConfiguration;
			buildSettings = {
				ALWAYS_SEARCH_USER_PATHS = NO;
				CLANG_ANALYZER_NONNULL = YES;
				CLANG_CXX_LANGUAGE_STANDARD = "gnu++0x";
				CLANG_CXX_LIBRARY = "libc++";
				CLANG_ENABLE_MODULES = YES;
				CLANG_ENABLE_OBJC_ARC = YES;
				CLANG_WARN_BOOL_CONVERSION = YES;
				CLANG_WARN_CONSTANT_CONVERSION = YES;
				CLANG_WARN_DIRECT_OBJC_ISA_USAGE = YES_ERROR;
				CLANG_WARN_EMPTY_BODY = YES;
				CLANG_WARN_ENUM_CONVERSION = YES;
				CLANG_WARN_INFINITE_RECURSION = YES;
				CLANG_WARN_INT_CONVERSION = YES;
				CLANG_WARN_OBJC_ROOT_CLASS = YES_ERROR;
				CLANG_WARN_SUSPICIOUS_MOVE = YES;
				CLANG_WARN_UNREACHABLE_CODE = YES;
				CLANG_WARN__DUPLICATE_METHOD_MATCH = YES;
				"CODE_SIGN_IDENTITY[sdk=iphoneos*]" = "iPhone Developer";
				COPY_PHASE_STRIP = NO;
				DEBUG_INFORMATION_FORMAT = dwarf;
				ENABLE_STRICT_OBJC_MSGSEND = YES;
				ENABLE_TESTABILITY = YES;
				GCC_C_LANGUAGE_STANDARD = gnu99;
				GCC_DYNAMIC_NO_PIC = NO;
				GCC_NO_COMMON_BLOCKS = YES;
				GCC_OPTIMIZATION_LEVEL = 0;
				GCC_PREPROCESSOR_DEFINITIONS = (
					"DEBUG=1",
					"$(inherited)",
				);
				GCC_WARN_64_TO_32_BIT_CONVERSION = YES;
				GCC_WARN_ABOUT_RETURN_TYPE = YES_ERROR;
				GCC_WARN_UNDECLARED_SELECTOR = YES;
				GCC_WARN_UNINITIALIZED_AUTOS = YES_AGGRESSIVE;
				GCC_WARN_UNUSED_FUNCTION = YES;
				GCC_WARN_UNUSED_VARIABLE = YES;
				IPHONEOS_DEPLOYMENT_TARGET = 9.3;
				MTL_ENABLE_DEBUG_INFO = YES;
				ONLY_ACTIVE_ARCH = YES;
				SDKROOT = iphoneos;
				SWIFT_OPTIMIZATION_LEVEL = "-Onone";
				TARGETED_DEVICE_FAMILY = "1,2";
			};
			name = Debug;
		};
		86362B981D2F33B6005B8CE9 /* Release */ = {
			isa = XCBuildConfiguration;
			buildSettings = {
				ALWAYS_SEARCH_USER_PATHS = NO;
				CLANG_ANALYZER_NONNULL = YES;
				CLANG_CXX_LANGUAGE_STANDARD = "gnu++0x";
				CLANG_CXX_LIBRARY = "libc++";
				CLANG_ENABLE_MODULES = YES;
				CLANG_ENABLE_OBJC_ARC = YES;
				CLANG_WARN_BOOL_CONVERSION = YES;
				CLANG_WARN_CONSTANT_CONVERSION = YES;
				CLANG_WARN_DIRECT_OBJC_ISA_USAGE = YES_ERROR;
				CLANG_WARN_EMPTY_BODY = YES;
				CLANG_WARN_ENUM_CONVERSION = YES;
				CLANG_WARN_INFINITE_RECURSION = YES;
				CLANG_WARN_INT_CONVERSION = YES;
				CLANG_WARN_OBJC_ROOT_CLASS = YES_ERROR;
				CLANG_WARN_SUSPICIOUS_MOVE = YES;
				CLANG_WARN_UNREACHABLE_CODE = YES;
				CLANG_WARN__DUPLICATE_METHOD_MATCH = YES;
				"CODE_SIGN_IDENTITY[sdk=iphoneos*]" = "iPhone Developer";
				COPY_PHASE_STRIP = NO;
				DEBUG_INFORMATION_FORMAT = "dwarf-with-dsym";
				ENABLE_NS_ASSERTIONS = NO;
				ENABLE_STRICT_OBJC_MSGSEND = YES;
				GCC_C_LANGUAGE_STANDARD = gnu99;
				GCC_NO_COMMON_BLOCKS = YES;
				GCC_WARN_64_TO_32_BIT_CONVERSION = YES;
				GCC_WARN_ABOUT_RETURN_TYPE = YES_ERROR;
				GCC_WARN_UNDECLARED_SELECTOR = YES;
				GCC_WARN_UNINITIALIZED_AUTOS = YES_AGGRESSIVE;
				GCC_WARN_UNUSED_FUNCTION = YES;
				GCC_WARN_UNUSED_VARIABLE = YES;
				IPHONEOS_DEPLOYMENT_TARGET = 9.3;
				MTL_ENABLE_DEBUG_INFO = NO;
				SDKROOT = iphoneos;
				SWIFT_OPTIMIZATION_LEVEL = "-Owholemodule";
				TARGETED_DEVICE_FAMILY = "1,2";
				VALIDATE_PRODUCT = YES;
			};
			name = Release;
		};
		86362B9A1D2F33B6005B8CE9 /* Debug */ = {
			isa = XCBuildConfiguration;
			buildSettings = {
				ASSETCATALOG_COMPILER_APPICON_NAME = AppIcon;
				INFOPLIST_FILE = FacebookFeed/Info.plist;
				LD_RUNPATH_SEARCH_PATHS = "$(inherited) @executable_path/Frameworks";
				PRODUCT_BUNDLE_IDENTIFIER = chuanchung.FacebookFeed;
				PRODUCT_NAME = "$(TARGET_NAME)";
				SWIFT_VERSION = 3.0;
				TARGETED_DEVICE_FAMILY = "1,2";
			};
			name = Debug;
		};
		86362B9B1D2F33B6005B8CE9 /* Release */ = {
			isa = XCBuildConfiguration;
			buildSettings = {
				ASSETCATALOG_COMPILER_APPICON_NAME = AppIcon;
				INFOPLIST_FILE = FacebookFeed/Info.plist;
				LD_RUNPATH_SEARCH_PATHS = "$(inherited) @executable_path/Frameworks";
				PRODUCT_BUNDLE_IDENTIFIER = chuanchung.FacebookFeed;
				PRODUCT_NAME = "$(TARGET_NAME)";
				SWIFT_VERSION = 3.0;
				TARGETED_DEVICE_FAMILY = "1,2";
			};
			name = Release;
		};
/* End XCBuildConfiguration section */

/* Begin XCConfigurationList section */
		86362B821D2F33B5005B8CE9 /* Build configuration list for PBXProject "FacebookFeed" */ = {
			isa = XCConfigurationList;
			buildConfigurations = (
				86362B971D2F33B6005B8CE9 /* Debug */,
				86362B981D2F33B6005B8CE9 /* Release */,
			);
			defaultConfigurationIsVisible = 0;
			defaultConfigurationName = Release;
		};
		86362B991D2F33B6005B8CE9 /* Build configuration list for PBXNativeTarget "FacebookFeed" */ = {
			isa = XCConfigurationList;
			buildConfigurations = (
				86362B9A1D2F33B6005B8CE9 /* Debug */,
				86362B9B1D2F33B6005B8CE9 /* Release */,
			);
			defaultConfigurationIsVisible = 0;
			defaultConfigurationName = Release;
		};
/* End XCConfigurationList section */
	};
	rootObject = 86362B7F1D2F33B5005B8CE9 /* Project object */;
}
